{
  "requires": true,
  "lockfileVersion": 1,
  "dependencies": {
    "@angular/material": {
      "version": "9.2.1",
      "resolved": "https://registry.npmjs.org/@angular/material/-/material-9.2.1.tgz",
      "integrity": "sha512-nqn/0Eg04DxwnkRGSM1xnmGgtfHYOBcEPbFeTu8c1qAbjFEozd6tpw4y6dQrCCL/JLNIRQPsxsUsVnKeWDF/4Q=="
    },
    "@angular/material-moment-adapter": {
      "version": "9.2.1",
      "resolved": "https://registry.npmjs.org/@angular/material-moment-adapter/-/material-moment-adapter-9.2.1.tgz",
      "integrity": "sha512-i3tbL3DJQspO23cPAgW6pAvztuv2D8tkGhxl+bTUlq8FgGBqKrOa0T/maN1fik46AXZojowUVZoCG7EvV2T7nQ=="
    },
    "material-design-icons": {
      "version": "3.0.1",
      "resolved": "https://registry.npmjs.org/material-design-icons/-/material-design-icons-3.0.1.tgz",
      "integrity": "sha1-mnHEh0chjrylHlGmbaaCA4zct78="
    }
  }
}
